{
  "name": "websynth",
  "version": "1.0.0",
  "lockfileVersion": 3,
  "requires": true,
  "packages": {
    "": {
      "name": "websynth",
      "version": "1.0.0",
      "license": "ISC",
      "dependencies": {
        "tone": "^15.0.4"
      }
    },
    "node_modules/@babel/runtime": {
      "version": "7.24.7",
      "resolved": "https://registry.npmjs.org/@babel/runtime/-/runtime-7.24.7.tgz",
      "integrity": "sha512-UwgBRMjJP+xv857DCngvqXI3Iq6J4v0wXmwc6sapg+zyhbwmQX67LUEFrkK5tbyJ30jGuG3ZvWpBiB9LCy1kWw==",
      "dependencies": {
        "regenerator-runtime": "^0.14.0"
      },
      "engines": {
        "node": ">=6.9.0"
      }
    },
    "node_modules/automation-events": {
      "version": "7.0.6",
      "resolved": "https://registry.npmjs.org/automation-events/-/automation-events-7.0.6.tgz",
      "integrity": "sha512-3tFP+Xrk0u0JWdGEvJGtW9oUdWOnX1v6RwFapgIwanBvn21yCzgBMe+FlAPW+3kIQsxIDV9mFw//BzrGXOJQ5A==",
      "dependencies": {
        "@babel/runtime": "^7.24.7",
        "tslib": "^2.6.3"
      },
      "engines": {
        "node": ">=18.2.0"
      }
    },
    "node_modules/regenerator-runtime": {
      "version": "0.14.1",
      "resolved": "https://registry.npmjs.org/regenerator-runtime/-/regenerator-runtime-0.14.1.tgz",
      "integrity": "sha512-dYnhHh0nJoMfnkZs6GmmhFknAGRrLznOu5nc9ML+EJxGvrx6H7teuevqVqCuPcPK//3eDrrjQhehXVx9cnkGdw=="
    },
    "node_modules/standardized-audio-context": {
      "version": "25.3.73",
      "resolved": "https://registry.npmjs.org/standardized-audio-context/-/standardized-audio-context-25.3.73.tgz",
      "integrity": "sha512-PiFIweBipW18uz0rNrXs8A7MzdCcVcEHiqf0B5RzwBIgp0eSb3Cj11HcWidrgR0XYeEogokcMsIbrVjy63mhoA==",
      "dependencies": {
        "@babel/runtime": "^7.24.7",
        "automation-events": "^7.0.6",
        "tslib": "^2.6.3"
      }
    },
    "node_modules/tone": {
      "version": "15.0.4",
      "resolved": "https://registry.npmjs.org/tone/-/tone-15.0.4.tgz",
      "integrity": "sha512-Fr2xATgdkNhzwMZhrU0DXpkXQyambq73hjHRrBiC0Wkc6aPYRdmkySE9kRFAW878zgMiD+Lqvn/uNHt/7hbdnQ==",
      "dependencies": {
        "standardized-audio-context": "^25.3.70",
        "tslib": "^2.3.1"
      }
    },
    "node_modules/tslib": {
      "version": "2.6.3",
      "resolved": "https://registry.npmjs.org/tslib/-/tslib-2.6.3.tgz",
      "integrity": "sha512-xNvxJEOUiWPGhUuUdQgAJPKOOJfGnIyKySOc09XkKsgdUV/3E2zvwZYdejjmRgPCgcym1juLH3226yA7sEFJKQ=="
    }
  }
}
